
Microsoft Visual Studio Solution File, Format Version 12.00
# Visual Studio Version 16
VisualStudioVersion = 16.0.32126.315
MinimumVisualStudioVersion = 10.0.40219.1
Project("{FAE04EC0-301F-11D3-BF4B-00C04F79EFBC}") = "EMarket", "EMarket\EMarket.csproj", "{7BA31DFA-667F-4D0A-84E9-00380068CF4D}"
EndProject
Global
	GlobalSection(SolutionConfigurationPlatforms) = preSolution
		Debug|Any CPU = Debug|Any CPU
		Release|Any CPU = Release|Any CPU
	EndGlobalSection
	GlobalSection(ProjectConfigurationPlatforms) = postSolution
		{7BA31DFA-667F-4D0A-84E9-00380068CF4D}.Debug|Any CPU.ActiveCfg = Debug|Any CPU
		{7BA31DFA-667F-4D0A-84E9-00380068CF4D}.Debug|Any CPU.Build.0 = Debug|Any CPU
		{7BA31DFA-667F-4D0A-84E9-00380068CF4D}.Release|Any CPU.ActiveCfg = Release|Any CPU
		{7BA31DFA-667F-4D0A-84E9-00380068CF4D}.Release|Any CPU.Build.0 = Release|Any CPU
	EndGlobalSection
	GlobalSection(SolutionProperties) = preSolution
		HideSolutionNode = FALSE
	EndGlobalSection
	GlobalSection(ExtensibilityGlobals) = postSolution
		SolutionGuid = {D38F459F-2CE7-4C0B-A9BC-6E3502481640}
	EndGlobalSection
EndGlobal
